
Microsoft Visual Studio Solution File, Format Version 12.00
# Visual Studio 2012
Project("{FAE04EC0-301F-11D3-BF4B-00C04F79EFBC}") = "m", "m\m.csproj", "{1ECA99EB-19B1-4207-848F-8128F1DF1406}"
EndProject
Global
	GlobalSection(SolutionConfigurationPlatforms) = preSolution
		Debug|Any CPU = Debug|Any CPU
		Release|Any CPU = Release|Any CPU
	EndGlobalSection
	GlobalSection(ProjectConfigurationPlatforms) = postSolution
		{1ECA99EB-19B1-4207-848F-8128F1DF1406}.Debug|Any CPU.ActiveCfg = Debug|Any CPU
		{1ECA99EB-19B1-4207-848F-8128F1DF1406}.Debug|Any CPU.Build.0 = Debug|Any CPU
		{1ECA99EB-19B1-4207-848F-8128F1DF1406}.Release|Any CPU.ActiveCfg = Release|Any CPU
		{1ECA99EB-19B1-4207-848F-8128F1DF1406}.Release|Any CPU.Build.0 = Release|Any CPU
	EndGlobalSection
	GlobalSection(SolutionProperties) = preSolution
		HideSolutionNode = FALSE
	EndGlobalSection
EndGlobal
